bash

mkdir -p /home/claude/lockfile2 && cd /home/claude/lockfile2
cat > package.json << 'EOF'
{
  "name": "ai-visibility-intelligence-platform",
  "version": "5.2.0",
  "description": "Enterprise SaaS-grade AI and SEO Audit Visibility platform",
  "main": "server.js",
  "type": "module",
  "scripts": {
    "start": "node server.js"
  },
  "dependencies": {
    "axios": "^1.6.8",
    "bcryptjs": "^2.4.3",
    "cheerio": "^1.0.0-rc.12",
    "cors": "^2.8.5",
    "dotenv": "^16.4.5",
    "express": "^4.19.2",
    "jsonwebtoken": "^9.0.2",
    "mongoose": "^8.5.0",
    "playwright": "^1.54.0"
  },
  "engines": {
    "node": "22.x"
  }
}
EOF
npm install --package-lock-only 2>&1 | tail -15
echo "---"
head -10 package-lock.json
echo "---"
echo "Confirming name field matches:"
grep -m1 '"name"' package-lock.json
Output


up to date, audited 148 packages in 11s

37 packages are looking for funding
  run `npm fund` for details

found 0 vulnerabilities
---
{
  "name": "ai-visibility-intelligence-platform",
  "version": "5.2.0",
  "lockfileVersion": 3,
  "requires": true,
  "packages": {
    "": {
      "name": "ai-visibility-intelligence-platform",
      "version": "5.2.0",
      "dependencies": {
---
Confirming name field matches:
  "name": "ai-visibility-intelligence-platform",
how to run these commands


Thought for 4s
Thought for 4s
Good question to clarify — you don't need to run any commands yourself. I already ran them for you in my own sandbox, and the correct file is ready. Since you're managing this through GitHub's web interface (not a local terminal), here's the file and how to get it into your repo without ever touching a command line.


Ran a command
Ran a command

